// !$*UTF8*$!
{
	archiveVersion = 1;
	classes = {
	};
	objectVersion = 46;
	objects = {

/* Begin PBXBuildFile section */
		D8155D571976C0F400231F6B /* Foundation.framework in Frameworks */ = {isa = PBXBuildFile; fileRef = D8155D561976C0F400231F6B /* Foundation.framework */; };
		D8155D591976C0F400231F6B /* CoreGraphics.framework in Frameworks */ = {isa = PBXBuildFile; fileRef = D8155D581976C0F400231F6B /* CoreGraphics.framework */; };
		D8155D5B1976C0F400231F6B /* UIKit.framework in Frameworks */ = {isa = PBXBuildFile; fileRef = D8155D5A1976C0F400231F6B /* UIKit.framework */; };
		D8155D611976C0F400231F6B /* InfoPlist.strings in Resources */ = {isa = PBXBuildFile; fileRef = D8155D5F1976C0F400231F6B /* InfoPlist.strings */; };
		D8155D631976C0F400231F6B /* main.m in Sources */ = {isa = PBXBuildFile; fileRef = D8155D621976C0F400231F6B /* main.m */; };
		D8155D671976C0F400231F6B /* AppDelegate.m in Sources */ = {isa = PBXBuildFile; fileRef = D8155D661976C0F400231F6B /* AppDelegate.m */; };
		D8155D6A1976C0F400231F6B /* Main.storyboard in Resources */ = {isa = PBXBuildFile; fileRef = D8155D681976C0F400231F6B /* Main.storyboard */; };
		D8155D6D1976C0F400231F6B /* ViewController.m in Sources */ = {isa = PBXBuildFile; fileRef = D8155D6C1976C0F400231F6B /* ViewController.m */; };
		D8155D6F1976C0F400231F6B /* Images.xcassets in Resources */ = {isa = PBXBuildFile; fileRef = D8155D6E1976C0F400231F6B /* Images.xcassets */; };
		D8155D761976C0F400231F6B /* XCTest.framework in Frameworks */ = {isa = PBXBuildFile; fileRef = D8155D751976C0F400231F6B /* XCTest.framework */; };
		D8155D771976C0F400231F6B /* Foundation.framework in Frameworks */ = {isa = PBXBuildFile; fileRef = D8155D561976C0F400231F6B /* Foundation.framework */; };
		D8155D781976C0F400231F6B /* UIKit.framework in Frameworks */ = {isa = PBXBuildFile; fileRef = D8155D5A1976C0F400231F6B /* UIKit.framework */; };
		D8155D801976C0F400231F6B /* InfoPlist.strings in Resources */ = {isa = PBXBuildFile; fileRef = D8155D7E1976C0F400231F6B /* InfoPlist.strings */; };
		D8155D821976C0F400231F6B /* LFTests.m in Sources */ = {isa = PBXBuildFile; fileRef = D8155D811976C0F400231F6B /* LFTests.m */; };
		D8ADBB29197ABC86008D211B /* MAMapKit.framework in Frameworks */ = {isa = PBXBuildFile; fileRef = D8ADBB28197ABC86008D211B /* MAMapKit.framework */; };
		D8ADBB2B197ABCC3008D211B /* QuartzCore.framework in Frameworks */ = {isa = PBXBuildFile; fileRef = D8ADBB2A197ABCC3008D211B /* QuartzCore.framework */; };
		D8ADBB2D197ABCD5008D211B /* CoreLocation.framework in Frameworks */ = {isa = PBXBuildFile; fileRef = D8ADBB2C197ABCD5008D211B /* CoreLocation.framework */; };
		D8ADBB2F197ABCF4008D211B /* SystemConfiguration.framework in Frameworks */ = {isa = PBXBuildFile; fileRef = D8ADBB2E197ABCF4008D211B /* SystemConfiguration.framework */; };
		D8ADBB31197ABD0B008D211B /* CoreTelephony.framework in Frameworks */ = {isa = PBXBuildFile; fileRef = D8ADBB30197ABD0B008D211B /* CoreTelephony.framework */; };
		D8ADBB33197ABD34008D211B /* libz.dylib in Frameworks */ = {isa = PBXBuildFile; fileRef = D8ADBB32197ABD34008D211B /* libz.dylib */; };
		D8ADBB35197ABD46008D211B /* libstdc++.6.0.9.dylib in Frameworks */ = {isa = PBXBuildFile; fileRef = D8ADBB34197ABD46008D211B /* libstdc++.6.0.9.dylib */; };
		D8ADBB37197ABD53008D211B /* OpenGLES.framework in Frameworks */ = {isa = PBXBuildFile; fileRef = D8ADBB36197ABD53008D211B /* OpenGLES.framework */; };
		D8ADBB39197ABD5C008D211B /* Security.framework in Frameworks */ = {isa = PBXBuildFile; fileRef = D8ADBB38197ABD5C008D211B /* Security.framework */; };
		D8ADBB45197ABDC7008D211B /* AMap.bundle in Resources */ = {isa = PBXBuildFile; fileRef = D8ADBB44197ABDC7008D211B /* AMap.bundle */; };
/* End PBXBuildFile section */

/* Begin PBXContainerItemProxy section */
		D8155D791976C0F400231F6B /* PBXContainerItemProxy */ = {
			isa = PBXContainerItemProxy;
			containerPortal = D8155D4B1976C0F400231F6B /* Project object */;
			proxyType = 1;
			remoteGlobalIDString = D8155D521976C0F400231F6B;
			remoteInfo = LF;
		};
/* End PBXContainerItemProxy section */

/* Begin PBXFileReference section */
		D8155D531976C0F400231F6B /* LF.app */ = {isa = PBXFileReference; explicitFileType = wrapper.application; includeInIndex = 0; path = LF.app; sourceTree = BUILT_PRODUCTS_DIR; };
		D8155D561976C0F400231F6B /* Foundation.framework */ = {isa = PBXFileReference; lastKnownFileType = wrapper.framework; name = Foundation.framework; path = System/Library/Frameworks/Foundation.framework; sourceTree = SDKROOT; };
		D8155D581976C0F400231F6B /* CoreGraphics.framework */ = {isa = PBXFileReference; lastKnownFileType = wrapper.framework; name = CoreGraphics.framework; path = System/Library/Frameworks/CoreGraphics.framework; sourceTree = SDKROOT; };
		D8155D5A1976C0F400231F6B /* UIKit.framework */ = {isa = PBXFileReference; lastKnownFileType = wrapper.framework; name = UIKit.framework; path = System/Library/Frameworks/UIKit.framework; sourceTree = SDKROOT; };
		D8155D5E1976C0F400231F6B /* LF-Info.plist */ = {isa = PBXFileReference; lastKnownFileType = text.plist.xml; path = "LF-Info.plist"; sourceTree = "<group>"; };
		D8155D601976C0F400231F6B /* en */ = {isa = PBXFileReference; lastKnownFileType = text.plist.strings; name = en; path = en.lproj/InfoPlist.strings; sourceTree = "<group>"; };
		D8155D621976C0F400231F6B /* main.m */ = {isa = PBXFileReference; lastKnownFileType = sourcecode.c.objc; path = main.m; sourceTree = "<group>"; };
		D8155D641976C0F400231F6B /* LF-Prefix.pch */ = {isa = PBXFileReference; lastKnownFileType = sourcecode.c.h; path = "LF-Prefix.pch"; sourceTree = "<group>"; };
		D8155D651976C0F400231F6B /* AppDelegate.h */ = {isa = PBXFileReference; lastKnownFileType = sourcecode.c.h; path = AppDelegate.h; sourceTree = "<group>"; };
		D8155D661976C0F400231F6B /* AppDelegate.m */ = {isa = PBXFileReference; lastKnownFileType = sourcecode.c.objc; path = AppDelegate.m; sourceTree = "<group>"; };
		D8155D691976C0F400231F6B /* Base */ = {isa = PBXFileReference; lastKnownFileType = file.storyboard; name = Base; path = Base.lproj/Main.storyboard; sourceTree = "<group>"; };
		D8155D6B1976C0F400231F6B /* ViewController.h */ = {isa = PBXFileReference; lastKnownFileType = sourcecode.c.h; path = ViewController.h; sourceTree = "<group>"; };
		D8155D6C1976C0F400231F6B /* ViewController.m */ = {isa = PBXFileReference; lastKnownFileType = sourcecode.c.objc; path = ViewController.m; sourceTree = "<group>"; };
		D8155D6E1976C0F400231F6B /* Images.xcassets */ = {isa = PBXFileReference; lastKnownFileType = folder.assetcatalog; path = Images.xcassets; sourceTree = "<group>"; };
		D8155D741976C0F400231F6B /* LFTests.xctest */ = {isa = PBXFileReference; explicitFileType = wrapper.cfbundle; includeInIndex = 0; path = LFTests.xctest; sourceTree = BUILT_PRODUCTS_DIR; };
		D8155D751976C0F400231F6B /* XCTest.framework */ = {isa = PBXFileReference; lastKnownFileType = wrapper.framework; name = XCTest.framework; path = Library/Frameworks/XCTest.framework; sourceTree = DEVELOPER_DIR; };
		D8155D7D1976C0F400231F6B /* LFTests-Info.plist */ = {isa = PBXFileReference; lastKnownFileType = text.plist.xml; path = "LFTests-Info.plist"; sourceTree = "<group>"; };
		D8155D7F1976C0F400231F6B /* en */ = {isa = PBXFileReference; lastKnownFileType = text.plist.strings; name = en; path = en.lproj/InfoPlist.strings; sourceTree = "<group>"; };
		D8155D811976C0F400231F6B /* LFTests.m */ = {isa = PBXFileReference; lastKnownFileType = sourcecode.c.objc; path = LFTests.m; sourceTree = "<group>"; };
		D8ADBB28197ABC86008D211B /* MAMapKit.framework */ = {isa = PBXFileReference; lastKnownFileType = wrapper.framework; name = MAMapKit.framework; path = ../../../AMap_iOS_API_Lib_V2.2.1/2D/MAMapKit.framework; sourceTree = "<group>"; };
		D8ADBB2A197ABCC3008D211B /* QuartzCore.framework */ = {isa = PBXFileReference; lastKnownFileType = wrapper.framework; name = QuartzCore.framework; path = System/Library/Frameworks/QuartzCore.framework; sourceTree = SDKROOT; };
		D8ADBB2C197ABCD5008D211B /* CoreLocation.framework */ = {isa = PBXFileReference; lastKnownFileType = wrapper.framework; name = CoreLocation.framework; path = System/Library/Frameworks/CoreLocation.framework; sourceTree = SDKROOT; };
		D8ADBB2E197ABCF4008D211B /* SystemConfiguration.framework */ = {isa = PBXFileReference; lastKnownFileType = wrapper.framework; name = SystemConfiguration.framework; path = System/Library/Frameworks/SystemConfiguration.framework; sourceTree = SDKROOT; };
		D8ADBB30197ABD0B008D211B /* CoreTelephony.framework */ = {isa = PBXFileReference; lastKnownFileType = wrapper.framework; name = CoreTelephony.framework; path = System/Library/Frameworks/CoreTelephony.framework; sourceTree = SDKROOT; };
		D8ADBB32197ABD34008D211B /* libz.dylib */ = {isa = PBXFileReference; lastKnownFileType = "compiled.mach-o.dylib"; name = libz.dylib; path = usr/lib/libz.dylib; sourceTree = SDKROOT; };
		D8ADBB34197ABD46008D211B /* libstdc++.6.0.9.dylib */ = {isa = PBXFileReference; lastKnownFileType = "compiled.mach-o.dylib"; name = "libstdc++.6.0.9.dylib"; path = "usr/lib/libstdc++.6.0.9.dylib"; sourceTree = SDKROOT; };
		D8ADBB36197ABD53008D211B /* OpenGLES.framework */ = {isa = PBXFileReference; lastKnownFileType = wrapper.framework; name = OpenGLES.framework; path = System/Library/Frameworks/OpenGLES.framework; sourceTree = SDKROOT; };
		D8ADBB38197ABD5C008D211B /* Security.framework */ = {isa = PBXFileReference; lastKnownFileType = wrapper.framework; name = Security.framework; path = System/Library/Frameworks/Security.framework; sourceTree = SDKROOT; };
		D8ADBB44197ABDC7008D211B /* AMap.bundle */ = {isa = PBXFileReference; lastKnownFileType = "wrapper.plug-in"; path = AMap.bundle; sourceTree = "<group>"; };
/* End PBXFileReference section */

/* Begin PBXFrameworksBuildPhase section */
		D8155D501976C0F400231F6B /* Frameworks */ = {
			isa = PBXFrameworksBuildPhase;
			buildActionMask = 2147483647;
			files = (
				D8ADBB39197ABD5C008D211B /* Security.framework in Frameworks */,
				D8ADBB37197ABD53008D211B /* OpenGLES.framework in Frameworks */,
				D8ADBB35197ABD46008D211B /* libstdc++.6.0.9.dylib in Frameworks */,
				D8ADBB33197ABD34008D211B /* libz.dylib in Frameworks */,
				D8ADBB31197ABD0B008D211B /* CoreTelephony.framework in Frameworks */,
				D8ADBB2F197ABCF4008D211B /* SystemConfiguration.framework in Frameworks */,
				D8ADBB2D197ABCD5008D211B /* CoreLocation.framework in Frameworks */,
				D8ADBB2B197ABCC3008D211B /* QuartzCore.framework in Frameworks */,
				D8ADBB29197ABC86008D211B /* MAMapKit.framework in Frameworks */,
				D8155D591976C0F400231F6B /* CoreGraphics.framework in Frameworks */,
				D8155D5B1976C0F400231F6B /* UIKit.framework in Frameworks */,
				D8155D571976C0F400231F6B /* Foundation.framework in Frameworks */,
			);
			runOnlyForDeploymentPostprocessing = 0;
		};
		D8155D711976C0F400231F6B /* Frameworks */ = {
			isa = PBXFrameworksBuildPhase;
			buildActionMask = 2147483647;
			files = (
				D8155D761976C0F400231F6B /* XCTest.framework in Frameworks */,
				D8155D781976C0F400231F6B /* UIKit.framework in Frameworks */,
				D8155D771976C0F400231F6B /* Foundation.framework in Frameworks */,
			);
			runOnlyForDeploymentPostprocessing = 0;
		};
/* End PBXFrameworksBuildPhase section */

/* Begin PBXGroup section */
		D8155D4A1976C0F400231F6B = {
			isa = PBXGroup;
			children = (
				D8ADBB44197ABDC7008D211B /* AMap.bundle */,
				D8155D5C1976C0F400231F6B /* LF */,
				D8155D7B1976C0F400231F6B /* LFTests */,
				D8155D551976C0F400231F6B /* Frameworks */,
				D8155D541976C0F400231F6B /* Products */,
			);
			sourceTree = "<group>";
		};
		D8155D541976C0F400231F6B /* Products */ = {
			isa = PBXGroup;
			children = (
				D8155D531976C0F400231F6B /* LF.app */,
				D8155D741976C0F400231F6B /* LFTests.xctest */,
			);
			name = Products;
			sourceTree = "<group>";
		};
		D8155D551976C0F400231F6B /* Frameworks */ = {
			isa = PBXGroup;
			children = (
				D8ADBB38197ABD5C008D211B /* Security.framework */,
				D8ADBB36197ABD53008D211B /* OpenGLES.framework */,
				D8ADBB34197ABD46008D211B /* libstdc++.6.0.9.dylib */,
				D8ADBB32197ABD34008D211B /* libz.dylib */,
				D8ADBB30197ABD0B008D211B /* CoreTelephony.framework */,
				D8ADBB2E197ABCF4008D211B /* SystemConfiguration.framework */,
				D8ADBB2C197ABCD5008D211B /* CoreLocation.framework */,
				D8ADBB2A197ABCC3008D211B /* QuartzCore.framework */,
				D8ADBB28197ABC86008D211B /* MAMapKit.framework */,
				D8155D561976C0F400231F6B /* Foundation.framework */,
				D8155D581976C0F400231F6B /* CoreGraphics.framework */,
				D8155D5A1976C0F400231F6B /* UIKit.framework */,
				D8155D751976C0F400231F6B /* XCTest.framework */,
			);
			name = Frameworks;
			sourceTree = "<group>";
		};
		D8155D5C1976C0F400231F6B /* LF */ = {
			isa = PBXGroup;
			children = (
				D8155D651976C0F400231F6B /* AppDelegate.h */,
				D8155D661976C0F400231F6B /* AppDelegate.m */,
				D8155D681976C0F400231F6B /* Main.storyboard */,
				D8155D6B1976C0F400231F6B /* ViewController.h */,
				D8155D6C1976C0F400231F6B /* ViewController.m */,
				D8155D6E1976C0F400231F6B /* Images.xcassets */,
				D8155D5D1976C0F400231F6B /* Supporting Files */,
			);
			path = LF;
			sourceTree = "<group>";
		};
		D8155D5D1976C0F400231F6B /* Supporting Files */ = {
			isa = PBXGroup;
			children = (
				D8155D5E1976C0F400231F6B /* LF-Info.plist */,
				D8155D5F1976C0F400231F6B /* InfoPlist.strings */,
				D8155D621976C0F400231F6B /* main.m */,
				D8155D641976C0F400231F6B /* LF-Prefix.pch */,
			);
			name = "Supporting Files";
			sourceTree = "<group>";
		};
		D8155D7B1976C0F400231F6B /* LFTests */ = {
			isa = PBXGroup;
			children = (
				D8155D811976C0F400231F6B /* LFTests.m */,
				D8155D7C1976C0F400231F6B /* Supporting Files */,
			);
			path = LFTests;
			sourceTree = "<group>";
		};
		D8155D7C1976C0F400231F6B /* Supporting Files */ = {
			isa = PBXGroup;
			children = (
				D8155D7D1976C0F400231F6B /* LFTests-Info.plist */,
				D8155D7E1976C0F400231F6B /* InfoPlist.strings */,
			);
			name = "Supporting Files";
			sourceTree = "<group>";
		};
/* End PBXGroup section */

/* Begin PBXNativeTarget section */
		D8155D521976C0F400231F6B /* LF */ = {
			isa = PBXNativeTarget;
			buildConfigurationList = D8155D851976C0F400231F6B /* Build configuration list for PBXNativeTarget "LF" */;
			buildPhases = (
				D8155D4F1976C0F400231F6B /* Sources */,
				D8155D501976C0F400231F6B /* Frameworks */,
				D8155D511976C0F400231F6B /* Resources */,
			);
			buildRules = (
			);
			dependencies = (
			);
			name = LF;
			productName = LF;
			productReference = D8155D531976C0F400231F6B /* LF.app */;
			productType = "com.apple.product-type.application";
		};
		D8155D731976C0F400231F6B /* LFTests */ = {
			isa = PBXNativeTarget;
			buildConfigurationList = D8155D881976C0F400231F6B /* Build configuration list for PBXNativeTarget "LFTests" */;
			buildPhases = (
				D8155D701976C0F400231F6B /* Sources */,
				D8155D711976C0F400231F6B /* Frameworks */,
				D8155D721976C0F400231F6B /* Resources */,
			);
			buildRules = (
			);
			dependencies = (
				D8155D7A1976C0F400231F6B /* PBXTargetDependency */,
			);
			name = LFTests;
			productName = LFTests;
			productReference = D8155D741976C0F400231F6B /* LFTests.xctest */;
			productType = "com.apple.product-type.bundle.unit-test";
		};
/* End PBXNativeTarget section */

/* Begin PBXProject section */
		D8155D4B1976C0F400231F6B /* Project object */ = {
			isa = PBXProject;
			attributes = {
				LastUpgradeCheck = 0510;
				ORGANIZATIONNAME = "Joe Physwf";
				TargetAttributes = {
					D8155D731976C0F400231F6B = {
						TestTargetID = D8155D521976C0F400231F6B;
					};
				};
			};
			buildConfigurationList = D8155D4E1976C0F400231F6B /* Build configuration list for PBXProject "LF" */;
			compatibilityVersion = "Xcode 3.2";
			developmentRegion = English;
			hasScannedForEncodings = 0;
			knownRegions = (
				en,
				Base,
			);
			mainGroup = D8155D4A1976C0F400231F6B;
			productRefGroup = D8155D541976C0F400231F6B /* Products */;
			projectDirPath = "";
			projectRoot = "";
			targets = (
				D8155D521976C0F400231F6B /* LF */,
				D8155D731976C0F400231F6B /* LFTests */,
			);
		};
/* End PBXProject section */

/* Begin PBXResourcesBuildPhase section */
		D8155D511976C0F400231F6B /* Resources */ = {
			isa = PBXResourcesBuildPhase;
			buildActionMask = 2147483647;
			files = (
				D8155D6F1976C0F400231F6B /* Images.xcassets in Resources */,
				D8155D611976C0F400231F6B /* InfoPlist.strings in Resources */,
				D8155D6A1976C0F400231F6B /* Main.storyboard in Resources */,
			);
			runOnlyForDeploymentPostprocessing = 0;
		};
		D8155D721976C0F400231F6B /* Resources */ = {
			isa = PBXResourcesBuildPhase;
			buildActionMask = 2147483647;
			files = (
				D8ADBB45197ABDC7008D211B /* AMap.bundle in Resources */,
				D8155D801976C0F400231F6B /* InfoPlist.strings in Resources */,
			);
			runOnlyForDeploymentPostprocessing = 0;
		};
/* End PBXResourcesBuildPhase section */

/* Begin PBXSourcesBuildPhase section */
		D8155D4F1976C0F400231F6B /* Sources */ = {
			isa = PBXSourcesBuildPhase;
			buildActionMask = 2147483647;
			files = (
				D8155D6D1976C0F400231F6B /* ViewController.m in Sources */,
				D8155D671976C0F400231F6B /* AppDelegate.m in Sources */,
				D8155D631976C0F400231F6B /* main.m in Sources */,
			);
			runOnlyForDeploymentPostprocessing = 0;
		};
		D8155D701976C0F400231F6B /* Sources */ = {
			isa = PBXSourcesBuildPhase;
			buildActionMask = 2147483647;
			files = (
				D8155D821976C0F400231F6B /* LFTests.m in Sources */,
			);
			runOnlyForDeploymentPostprocessing = 0;
		};
/* End PBXSourcesBuildPhase section */

/* Begin PBXTargetDependency section */
		D8155D7A1976C0F400231F6B /* PBXTargetDependency */ = {
			isa = PBXTargetDependency;
			target = D8155D521976C0F400231F6B /* LF */;
			targetProxy = D8155D791976C0F400231F6B /* PBXContainerItemProxy */;
		};
/* End PBXTargetDependency section */

/* Begin PBXVariantGroup section */
		D8155D5F1976C0F400231F6B /* InfoPlist.strings */ = {
			isa = PBXVariantGroup;
			children = (
				D8155D601976C0F400231F6B /* en */,
			);
			name = InfoPlist.strings;
			sourceTree = "<group>";
		};
		D8155D681976C0F400231F6B /* Main.storyboard */ = {
			isa = PBXVariantGroup;
			children = (
				D8155D691976C0F400231F6B /* Base */,
			);
			name = Main.storyboard;
			sourceTree = "<group>";
		};
		D8155D7E1976C0F400231F6B /* InfoPlist.strings */ = {
			isa = PBXVariantGroup;
			children = (
				D8155D7F1976C0F400231F6B /* en */,
			);
			name = InfoPlist.strings;
			sourceTree = "<group>";
		};
/* End PBXVariantGroup section */

/* Begin XCBuildConfiguration section */
		D8155D831976C0F400231F6B /* Debug */ = {
			isa = XCBuildConfiguration;
			buildSettings = {
				ALWAYS_SEARCH_USER_PATHS = NO;
				CLANG_CXX_LANGUAGE_STANDARD = "gnu++0x";
				CLANG_CXX_LIBRARY = "libc++";
				CLANG_ENABLE_MODULES = YES;
				CLANG_ENABLE_OBJC_ARC = YES;
				CLANG_WARN_BOOL_CONVERSION = YES;
				CLANG_WARN_CONSTANT_CONVERSION = YES;
				CLANG_WARN_DIRECT_OBJC_ISA_USAGE = YES_ERROR;
				CLANG_WARN_EMPTY_BODY = YES;
				CLANG_WARN_ENUM_CONVERSION = YES;
				CLANG_WARN_INT_CONVERSION = YES;
				CLANG_WARN_OBJC_ROOT_CLASS = YES_ERROR;
				CLANG_WARN__DUPLICATE_METHOD_MATCH = YES;
				"CODE_SIGN_IDENTITY[sdk=iphoneos*]" = "iPhone Developer";
				COPY_PHASE_STRIP = NO;
				GCC_C_LANGUAGE_STANDARD = gnu99;
				GCC_DYNAMIC_NO_PIC = NO;
				GCC_OPTIMIZATION_LEVEL = 0;
				GCC_PREPROCESSOR_DEFINITIONS = (
					"DEBUG=1",
					"$(inherited)",
				);
				GCC_SYMBOLS_PRIVATE_EXTERN = NO;
				GCC_WARN_64_TO_32_BIT_CONVERSION = YES;
				GCC_WARN_ABOUT_RETURN_TYPE = YES_ERROR;
				GCC_WARN_UNDECLARED_SELECTOR = YES;
				GCC_WARN_UNINITIALIZED_AUTOS = YES_AGGRESSIVE;
				GCC_WARN_UNUSED_FUNCTION = YES;
				GCC_WARN_UNUSED_VARIABLE = YES;
				IPHONEOS_DEPLOYMENT_TARGET = 7.1;
				ONLY_ACTIVE_ARCH = YES;
				SDKROOT = iphoneos;
			};
			name = Debug;
		};
		D8155D841976C0F400231F6B /* Release */ = {
			isa = XCBuildConfiguration;
			buildSettings = {
				ALWAYS_SEARCH_USER_PATHS = NO;
				CLANG_CXX_LANGUAGE_STANDARD = "gnu++0x";
				CLANG_CXX_LIBRARY = "libc++";
				CLANG_ENABLE_MODULES = YES;
				CLANG_ENABLE_OBJC_ARC = YES;
				CLANG_WARN_BOOL_CONVERSION = YES;
				CLANG_WARN_CONSTANT_CONVERSION = YES;
				CLANG_WARN_DIRECT_OBJC_ISA_USAGE = YES_ERROR;
				CLANG_WARN_EMPTY_BODY = YES;
				CLANG_WARN_ENUM_CONVERSION = YES;
				CLANG_WARN_INT_CONVERSION = YES;
				CLANG_WARN_OBJC_ROOT_CLASS = YES_ERROR;
				CLANG_WARN__DUPLICATE_METHOD_MATCH = YES;
				"CODE_SIGN_IDENTITY[sdk=iphoneos*]" = "iPhone Developer";
				COPY_PHASE_STRIP = YES;
				ENABLE_NS_ASSERTIONS = NO;
				GCC_C_LANGUAGE_STANDARD = gnu99;
				GCC_WARN_64_TO_32_BIT_CONVERSION = YES;
				GCC_WARN_ABOUT_RETURN_TYPE = YES_ERROR;
				GCC_WARN_UNDECLARED_SELECTOR = YES;
				GCC_WARN_UNINITIALIZED_AUTOS = YES_AGGRESSIVE;
				GCC_WARN_UNUSED_FUNCTION = YES;
				GCC_WARN_UNUSED_VARIABLE = YES;
				IPHONEOS_DEPLOYMENT_TARGET = 7.1;
				SDKROOT = iphoneos;
				VALIDATE_PRODUCT = YES;
			};
			name = Release;
		};
		D8155D861976C0F400231F6B /* Debug */ = {
			isa = XCBuildConfiguration;
			buildSettings = {
				ASSETCATALOG_COMPILER_APPICON_NAME = AppIcon;
				ASSETCATALOG_COMPILER_LAUNCHIMAGE_NAME = LaunchImage;
				FRAMEWORK_SEARCH_PATHS = (
					"$(inherited)",
					/Users/Joe/AMap_iOS_API_Lib_V2.2.1/2D,
				);
				GCC_PRECOMPILE_PREFIX_HEADER = YES;
				GCC_PREFIX_HEADER = "LF/LF-Prefix.pch";
				INFOPLIST_FILE = "LF/LF-Info.plist";
				OTHER_LDFLAGS = "-ObjC";
				PRODUCT_NAME = "$(TARGET_NAME)";
				WRAPPER_EXTENSION = app;
			};
			name = Debug;
		};
		D8155D871976C0F400231F6B /* Release */ = {
			isa = XCBuildConfiguration;
			buildSettings = {
				ASSETCATALOG_COMPILER_APPICON_NAME = AppIcon;
				ASSETCATALOG_COMPILER_LAUNCHIMAGE_NAME = LaunchImage;
				FRAMEWORK_SEARCH_PATHS = (
					"$(inherited)",
					/Users/Joe/AMap_iOS_API_Lib_V2.2.1/2D,
				);
				GCC_PRECOMPILE_PREFIX_HEADER = YES;
				GCC_PREFIX_HEADER = "LF/LF-Prefix.pch";
				INFOPLIST_FILE = "LF/LF-Info.plist";
				OTHER_LDFLAGS = "-ObjC";
				PRODUCT_NAME = "$(TARGET_NAME)";
				WRAPPER_EXTENSION = app;
			};
			name = Release;
		};
		D8155D891976C0F400231F6B /* Debug */ = {
			isa = XCBuildConfiguration;
			buildSettings = {
				BUNDLE_LOADER = "$(BUILT_PRODUCTS_DIR)/LF.app/LF";
				FRAMEWORK_SEARCH_PATHS = (
					"$(SDKROOT)/Developer/Library/Frameworks",
					"$(inherited)",
					"$(DEVELOPER_FRAMEWORKS_DIR)",
					/Users/Joe/AMap_iOS_API_Lib_V2.2.1/2D,
					/Users/Joe/AMap_iOS_API_Lib_V2.2.1/3D,
					/Users/Joe/AMap_iOS_API_Lib_V2.2.1/Search,
				);
				GCC_PRECOMPILE_PREFIX_HEADER = YES;
				GCC_PREFIX_HEADER = "LF/LF-Prefix.pch";
				GCC_PREPROCESSOR_DEFINITIONS = (
					"DEBUG=1",
					"$(inherited)",
				);
				INFOPLIST_FILE = "LFTests/LFTests-Info.plist";
				PRODUCT_NAME = "$(TARGET_NAME)";
				TEST_HOST = "$(BUNDLE_LOADER)";
				WRAPPER_EXTENSION = xctest;
			};
			name = Debug;
		};
		D8155D8A1976C0F400231F6B /* Release */ = {
			isa = XCBuildConfiguration;
			buildSettings = {
				BUNDLE_LOADER = "$(BUILT_PRODUCTS_DIR)/LF.app/LF";
				FRAMEWORK_SEARCH_PATHS = (
					"$(SDKROOT)/Developer/Library/Frameworks",
					"$(inherited)",
					"$(DEVELOPER_FRAMEWORKS_DIR)",
					/Users/Joe/AMap_iOS_API_Lib_V2.2.1/2D,
					/Users/Joe/AMap_iOS_API_Lib_V2.2.1/3D,
					/Users/Joe/AMap_iOS_API_Lib_V2.2.1/Search,
				);
				GCC_PRECOMPILE_PREFIX_HEADER = YES;
				GCC_PREFIX_HEADER = "LF/LF-Prefix.pch";
				INFOPLIST_FILE = "LFTests/LFTests-Info.plist";
				PRODUCT_NAME = "$(TARGET_NAME)";
				TEST_HOST = "$(BUNDLE_LOADER)";
				WRAPPER_EXTENSION = xctest;
			};
			name = Release;
		};
/* End XCBuildConfiguration section */

/* Begin XCConfigurationList section */
		D8155D4E1976C0F400231F6B /* Build configuration list for PBXProject "LF" */ = {
			isa = XCConfigurationList;
			buildConfigurations = (
				D8155D831976C0F400231F6B /* Debug */,
				D8155D841976C0F400231F6B /* Release */,
			);
			defaultConfigurationIsVisible = 0;
			defaultConfigurationName = Release;
		};
		D8155D851976C0F400231F6B /* Build configuration list for PBXNativeTarget "LF" */ = {
			isa = XCConfigurationList;
			buildConfigurations = (
				D8155D861976C0F400231F6B /* Debug */,
				D8155D871976C0F400231F6B /* Release */,
			);
			defaultConfigurationIsVisible = 0;
			defaultConfigurationName = Release;
		};
		D8155D881976C0F400231F6B /* Build configuration list for PBXNativeTarget "LFTests" */ = {
			isa = XCConfigurationList;
			buildConfigurations = (
				D8155D891976C0F400231F6B /* Debug */,
				D8155D8A1976C0F400231F6B /* Release */,
			);
			defaultConfigurationIsVisible = 0;
			defaultConfigurationName = Release;
		};
/* End XCConfigurationList section */
	};
	rootObject = D8155D4B1976C0F400231F6B /* Project object */;
}
